<?xml version="1.0" encoding="utf-8"?>
<Project ToolsVersion="4.0" xmlns="http://schemas.microsoft.com/developer/msbuild/2003">
  <ItemGroup>
    <Filter Include="Source Files">
      <UniqueIdentifier>{4FC737F1-C7A5-4376-A066-2A32D752A2FF}</UniqueIdentifier>
      <Extensions>cpp;c;cc;cxx;def;odl;idl;hpj;bat;asm;asmx</Extensions>
    </Filter>
    <Filter Include="Header Files">
      <UniqueIdentifier>{93995380-89BD-4b04-88EB-625FBE52EBFB}</UniqueIdentifier>
      <Extensions>h;hpp;hxx;hm;inl;inc;xsd</Extensions>
    </Filter>
    <Filter Include="Resource Files">
      <UniqueIdentifier>{67DA6AB6-F800-4c08-8B7A-83BB121AAD01}</UniqueIdentifier>
      <Extensions>rc;ico;cur;bmp;dlg;rc2;rct;bin;rgs;gif;jpg;jpeg;jpe;resx;tiff;tif;png;wav;mfcribbon-ms</Extensions>
    </Filter>
    <Filter Include="Resource Files\Shaders">
      <UniqueIdentifier>{eea4c6c9-1bab-4840-9504-0a2c4aa6829a}</UniqueIdentifier>
    </Filter>
    <Filter Include="Resource Files\Materials">
      <UniqueIdentifier>{13bb2f8e-8cfd-476e-8a67-6ee49690fc28}</UniqueIdentifier>
    </Filter>
    <Filter Include="Resource Files\Programs">
      <UniqueIdentifier>{2a70ebad-174b-4bc6-90df-6da20d44f2db}</UniqueIdentifier>
    </Filter>
    <Filter Include="Resource Files\Compositors">
      <UniqueIdentifier>{a42625b6-28df-4f87-a4f7-58886562def5}</UniqueIdentifier>
    </Filter>
    <Filter Include="Resource Files\Particles">
      <UniqueIdentifier>{43b823b0-d383-461d-800f-f13b36d03b78}</UniqueIdentifier>
    </Filter>
  </ItemGroup>
  <ItemGroup>
    <ClCompile Include="OWApplication.cpp">
      <Filter>Source Files</Filter>
    </ClCompile>
    <ClCompile Include="OWMain.cpp">
      <Filter>Source Files</Filter>
    </ClCompile>
    <ClCompile Include="OWWater.cpp">
      <Filter>Source Files</Filter>
    </ClCompile>
    <ClCompile Include="OWAnimatedMesh.cpp">
      <Filter>Source Files</Filter>
    </ClCompile>
  </ItemGroup>
  <ItemGroup>
    <ClInclude Include="OWApplication.h">
      <Filter>Header Files</Filter>
    </ClInclude>
    <ClInclude Include="OWWater.h">
      <Filter>Header Files</Filter>
    </ClInclude>
    <ClInclude Include="OWAnimatedMesh.h">
      <Filter>Header Files</Filter>
    </ClInclude>
  </ItemGroup>
  <ItemGroup>
    <None Include="Resources\Materials\OWWater.material">
      <Filter>Resource Files\Materials</Filter>
    </None>
    <None Include="Resources\Programs\OWWater.program">
      <Filter>Resource Files\Programs</Filter>
    </None>
    <None Include="Resources\Shaders\OWWater.hlsl">
      <Filter>Resource Files\Shaders</Filter>
    </None>
    <None Include="Resources\Materials\OWDepth.material">
      <Filter>Resource Files\Materials</Filter>
    </None>
    <None Include="Resources\Programs\OWDepth.program">
      <Filter>Resource Files\Programs</Filter>
    </None>
    <None Include="Resources\Shaders\OWDepth.hlsl">
      <Filter>Resource Files\Shaders</Filter>
    </None>
    <None Include="Resources\Materials\OWFog.material">
      <Filter>Resource Files\Materials</Filter>
    </None>
    <None Include="Resources\Programs\OWFog.program">
      <Filter>Resource Files\Programs</Filter>
    </None>
    <None Include="Resources\Shaders\OWFog.hlsl">
      <Filter>Resource Files\Shaders</Filter>
    </None>
    <None Include="Resources\Shaders\OWPPFog.hlsl">
      <Filter>Resource Files\Shaders</Filter>
    </None>
    <None Include="Resources\Compositors\OWPPFog.compositor">
      <Filter>Resource Files\Compositors</Filter>
    </None>
    <None Include="Resources\Materials\OWPPFog.material">
      <Filter>Resource Files\Materials</Filter>
    </None>
    <None Include="Resources\Programs\OWPPFog.program">
      <Filter>Resource Files\Programs</Filter>
    </None>
    <None Include="Resources\Particles\OWWaterDust.particle">
      <Filter>Resource Files\Particles</Filter>
    </None>
    <None Include="Resources\Materials\OWWaterDust.material">
      <Filter>Resource Files\Materials</Filter>
    </None>
    <None Include="Resources\Particles\OWAirBubbles.particle">
      <Filter>Resource Files\Particles</Filter>
    </None>
    <None Include="Resources\Shaders\OWWaterDustDepth.hlsl">
      <Filter>Resource Files\Shaders</Filter>
    </None>
    <None Include="Resources\Programs\OWWaterDustDepth.program">
      <Filter>Resource Files\Programs</Filter>
    </None>
    <None Include="Resources\Materials\OWWaterDustDepth.material">
      <Filter>Resource Files\Materials</Filter>
    </None>
    <None Include="Resources\Shaders\OWPPEffect.hlsl">
      <Filter>Resource Files\Shaders</Filter>
    </None>
    <None Include="Resources\Shaders\OWPPHorizontalBlur.hlsl">
      <Filter>Resource Files\Shaders</Filter>
    </None>
    <None Include="Resources\Programs\OWPPHorizontalBlur.program">
      <Filter>Resource Files\Programs</Filter>
    </None>
    <None Include="Resources\Materials\OWPPHorizontalBlur.material">
      <Filter>Resource Files\Materials</Filter>
    </None>
    <None Include="Resources\Materials\OWPPVerticalBlur.material">
      <Filter>Resource Files\Materials</Filter>
    </None>
    <None Include="Resources\Programs\OWPPVerticalBlur.program">
      <Filter>Resource Files\Programs</Filter>
    </None>
    <None Include="Resources\Shaders\OWPPVerticalBlur.hlsl">
      <Filter>Resource Files\Shaders</Filter>
    </None>
  </ItemGroup>
</Project>